
Microsoft Visual Studio Solution File, Format Version 12.00
# Visual Studio 15
VisualStudioVersion = 15.0.27004.2008
MinimumVisualStudioVersion = 10.0.40219.1
Project("{FAE04EC0-301F-11D3-BF4B-00C04F79EFBC}") = "EksportDzeGML", "EksportDzeGML\EksportDzeGML.csproj", "{0DA580F3-173A-4587-A55A-4D99AD983947}"
EndProject
Project("{FAE04EC0-301F-11D3-BF4B-00C04F79EFBC}") = "KCDReader", "KCDReader\KCDReader.csproj", "{232F78E0-AF8C-411A-AE0C-061737D46DEB}"
EndProject
Project("{FAE04EC0-301F-11D3-BF4B-00C04F79EFBC}") = "WladZamien", "WladZamien\WladZamien.csproj", "{A09BA6B4-F3E0-4356-B0D3-6693DA958043}"
EndProject
Global
	GlobalSection(SolutionConfigurationPlatforms) = preSolution
		Debug|Any CPU = Debug|Any CPU
		Release|Any CPU = Release|Any CPU
	EndGlobalSection
	GlobalSection(ProjectConfigurationPlatforms) = postSolution
		{0DA580F3-173A-4587-A55A-4D99AD983947}.Debug|Any CPU.ActiveCfg = Debug|Any CPU
		{0DA580F3-173A-4587-A55A-4D99AD983947}.Debug|Any CPU.Build.0 = Debug|Any CPU
		{0DA580F3-173A-4587-A55A-4D99AD983947}.Release|Any CPU.ActiveCfg = Release|Any CPU
		{0DA580F3-173A-4587-A55A-4D99AD983947}.Release|Any CPU.Build.0 = Release|Any CPU
		{232F78E0-AF8C-411A-AE0C-061737D46DEB}.Debug|Any CPU.ActiveCfg = Debug|Any CPU
		{232F78E0-AF8C-411A-AE0C-061737D46DEB}.Debug|Any CPU.Build.0 = Debug|Any CPU
		{232F78E0-AF8C-411A-AE0C-061737D46DEB}.Release|Any CPU.ActiveCfg = Release|Any CPU
		{232F78E0-AF8C-411A-AE0C-061737D46DEB}.Release|Any CPU.Build.0 = Release|Any CPU
		{A09BA6B4-F3E0-4356-B0D3-6693DA958043}.Debug|Any CPU.ActiveCfg = Debug|Any CPU
		{A09BA6B4-F3E0-4356-B0D3-6693DA958043}.Debug|Any CPU.Build.0 = Debug|Any CPU
		{A09BA6B4-F3E0-4356-B0D3-6693DA958043}.Release|Any CPU.ActiveCfg = Release|Any CPU
		{A09BA6B4-F3E0-4356-B0D3-6693DA958043}.Release|Any CPU.Build.0 = Release|Any CPU
	EndGlobalSection
	GlobalSection(SolutionProperties) = preSolution
		HideSolutionNode = FALSE
	EndGlobalSection
	GlobalSection(ExtensibilityGlobals) = postSolution
		SolutionGuid = {85D3BDA5-94E1-432D-97DF-56E8005F31C0}
	EndGlobalSection
EndGlobal
